
Microsoft Visual Studio Solution File, Format Version 12.00
# Visual Studio Version 17
VisualStudioVersion = 17.6.33801.468
MinimumVisualStudioVersion = 10.0.40219.1
Project("{2150E333-8FDC-42A3-9474-1A3956D46DE8}") = "1.Presentation", "1.Presentation", "{28E4D3A5-11F6-403E-8640-55D3F3963FDD}"
EndProject
Project("{2150E333-8FDC-42A3-9474-1A3956D46DE8}") = "2.Application", "2.Application", "{7AF96A15-CC90-457E-AF1A-EB871153B377}"
EndProject
Project("{2150E333-8FDC-42A3-9474-1A3956D46DE8}") = "3.Domain", "3.Domain", "{7BCEA49C-CAE2-4CA3-81C8-DB29E387C3B6}"
EndProject
Project("{2150E333-8FDC-42A3-9474-1A3956D46DE8}") = "4.Infrastructure", "4.Infrastructure", "{E7412796-4043-4BBA-9A7A-D9AB48920ACA}"
EndProject
Project("{2150E333-8FDC-42A3-9474-1A3956D46DE8}") = "5.Tests", "5.Tests", "{BDB15C61-9BC4-4C71-BFF4-BF321D0584E5}"
EndProject
Project("{9A19103F-16F7-4668-BE54-9A1E7A4F7556}") = "Livros.API", "Livros.API\Livros.API.csproj", "{B55C3322-D634-4162-8A3E-5FD5468E5ECC}"
EndProject
Project("{9A19103F-16F7-4668-BE54-9A1E7A4F7556}") = "Livros.Application", "Livros.Application\Livros.Application.csproj", "{07810055-1261-4357-BA00-66BB388841B6}"
EndProject
Project("{9A19103F-16F7-4668-BE54-9A1E7A4F7556}") = "Livros.Domain", "Livros.Domain\Livros.Domain.csproj", "{48076684-1414-4B5E-A960-5D7A06D2482F}"
EndProject
Project("{9A19103F-16F7-4668-BE54-9A1E7A4F7556}") = "Livros.Domain.Core", "Livros.Domain.Core\Livros.Domain.Core.csproj", "{BEF70E63-B125-4730-9258-E5EA8262B03C}"
EndProject
Project("{9A19103F-16F7-4668-BE54-9A1E7A4F7556}") = "Livros.Domain.Service", "Livros.Domain.Service\Livros.Domain.Service.csproj", "{D236F3F2-DDE7-4459-865D-08280FE3F0B6}"
EndProject
Project("{9A19103F-16F7-4668-BE54-9A1E7A4F7556}") = "Livros.Infrastructure", "Livros.Infrastructure\Livros.Infrastructure.csproj", "{59103750-B763-41BC-8013-B625200F00EB}"
EndProject
Project("{9A19103F-16F7-4668-BE54-9A1E7A4F7556}") = "Livro.Identity", "Livro.Identity\Livro.Identity.csproj", "{DD626616-6251-4595-A0E0-B8851418C791}"
EndProject
Global
	GlobalSection(SolutionConfigurationPlatforms) = preSolution
		Debug|Any CPU = Debug|Any CPU
		Release|Any CPU = Release|Any CPU
	EndGlobalSection
	GlobalSection(ProjectConfigurationPlatforms) = postSolution
		{B55C3322-D634-4162-8A3E-5FD5468E5ECC}.Debug|Any CPU.ActiveCfg = Debug|Any CPU
		{B55C3322-D634-4162-8A3E-5FD5468E5ECC}.Debug|Any CPU.Build.0 = Debug|Any CPU
		{B55C3322-D634-4162-8A3E-5FD5468E5ECC}.Release|Any CPU.ActiveCfg = Release|Any CPU
		{B55C3322-D634-4162-8A3E-5FD5468E5ECC}.Release|Any CPU.Build.0 = Release|Any CPU
		{07810055-1261-4357-BA00-66BB388841B6}.Debug|Any CPU.ActiveCfg = Debug|Any CPU
		{07810055-1261-4357-BA00-66BB388841B6}.Debug|Any CPU.Build.0 = Debug|Any CPU
		{07810055-1261-4357-BA00-66BB388841B6}.Release|Any CPU.ActiveCfg = Release|Any CPU
		{07810055-1261-4357-BA00-66BB388841B6}.Release|Any CPU.Build.0 = Release|Any CPU
		{48076684-1414-4B5E-A960-5D7A06D2482F}.Debug|Any CPU.ActiveCfg = Debug|Any CPU
		{48076684-1414-4B5E-A960-5D7A06D2482F}.Debug|Any CPU.Build.0 = Debug|Any CPU
		{48076684-1414-4B5E-A960-5D7A06D2482F}.Release|Any CPU.ActiveCfg = Release|Any CPU
		{48076684-1414-4B5E-A960-5D7A06D2482F}.Release|Any CPU.Build.0 = Release|Any CPU
		{BEF70E63-B125-4730-9258-E5EA8262B03C}.Debug|Any CPU.ActiveCfg = Debug|Any CPU
		{BEF70E63-B125-4730-9258-E5EA8262B03C}.Debug|Any CPU.Build.0 = Debug|Any CPU
		{BEF70E63-B125-4730-9258-E5EA8262B03C}.Release|Any CPU.ActiveCfg = Release|Any CPU
		{BEF70E63-B125-4730-9258-E5EA8262B03C}.Release|Any CPU.Build.0 = Release|Any CPU
		{D236F3F2-DDE7-4459-865D-08280FE3F0B6}.Debug|Any CPU.ActiveCfg = Debug|Any CPU
		{D236F3F2-DDE7-4459-865D-08280FE3F0B6}.Debug|Any CPU.Build.0 = Debug|Any CPU
		{D236F3F2-DDE7-4459-865D-08280FE3F0B6}.Release|Any CPU.ActiveCfg = Release|Any CPU
		{D236F3F2-DDE7-4459-865D-08280FE3F0B6}.Release|Any CPU.Build.0 = Release|Any CPU
		{59103750-B763-41BC-8013-B625200F00EB}.Debug|Any CPU.ActiveCfg = Debug|Any CPU
		{59103750-B763-41BC-8013-B625200F00EB}.Debug|Any CPU.Build.0 = Debug|Any CPU
		{59103750-B763-41BC-8013-B625200F00EB}.Release|Any CPU.ActiveCfg = Release|Any CPU
		{59103750-B763-41BC-8013-B625200F00EB}.Release|Any CPU.Build.0 = Release|Any CPU
		{DD626616-6251-4595-A0E0-B8851418C791}.Debug|Any CPU.ActiveCfg = Debug|Any CPU
		{DD626616-6251-4595-A0E0-B8851418C791}.Debug|Any CPU.Build.0 = Debug|Any CPU
		{DD626616-6251-4595-A0E0-B8851418C791}.Release|Any CPU.ActiveCfg = Release|Any CPU
		{DD626616-6251-4595-A0E0-B8851418C791}.Release|Any CPU.Build.0 = Release|Any CPU
	EndGlobalSection
	GlobalSection(SolutionProperties) = preSolution
		HideSolutionNode = FALSE
	EndGlobalSection
	GlobalSection(NestedProjects) = preSolution
		{B55C3322-D634-4162-8A3E-5FD5468E5ECC} = {28E4D3A5-11F6-403E-8640-55D3F3963FDD}
		{07810055-1261-4357-BA00-66BB388841B6} = {7AF96A15-CC90-457E-AF1A-EB871153B377}
		{48076684-1414-4B5E-A960-5D7A06D2482F} = {7BCEA49C-CAE2-4CA3-81C8-DB29E387C3B6}
		{BEF70E63-B125-4730-9258-E5EA8262B03C} = {7BCEA49C-CAE2-4CA3-81C8-DB29E387C3B6}
		{D236F3F2-DDE7-4459-865D-08280FE3F0B6} = {7BCEA49C-CAE2-4CA3-81C8-DB29E387C3B6}
		{59103750-B763-41BC-8013-B625200F00EB} = {E7412796-4043-4BBA-9A7A-D9AB48920ACA}
		{DD626616-6251-4595-A0E0-B8851418C791} = {E7412796-4043-4BBA-9A7A-D9AB48920ACA}
	EndGlobalSection
	GlobalSection(ExtensibilityGlobals) = postSolution
		SolutionGuid = {096B43F8-F5BF-4427-AA4E-F082EC360FD6}
	EndGlobalSection
EndGlobal
